
Microsoft Visual Studio Solution File, Format Version 12.00
# Visual Studio Version 17
VisualStudioVersion = 17.13.35825.156 d17.13
MinimumVisualStudioVersion = 10.0.40219.1
Project("{FAE04EC0-301F-11D3-BF4B-00C04F79EFBC}") = "z5", "z5.csproj", "{B476D494-8C04-4B32-882E-6B285477AA81}"
EndProject
Global
	GlobalSection(SolutionConfigurationPlatforms) = preSolution
		Debug|Any CPU = Debug|Any CPU
		Release|Any CPU = Release|Any CPU
	EndGlobalSection
	GlobalSection(ProjectConfigurationPlatforms) = postSolution
		{B476D494-8C04-4B32-882E-6B285477AA81}.Debug|Any CPU.ActiveCfg = Debug|Any CPU
		{B476D494-8C04-4B32-882E-6B285477AA81}.Debug|Any CPU.Build.0 = Debug|Any CPU
		{B476D494-8C04-4B32-882E-6B285477AA81}.Release|Any CPU.ActiveCfg = Release|Any CPU
		{B476D494-8C04-4B32-882E-6B285477AA81}.Release|Any CPU.Build.0 = Release|Any CPU
	EndGlobalSection
	GlobalSection(SolutionProperties) = preSolution
		HideSolutionNode = FALSE
	EndGlobalSection
	GlobalSection(ExtensibilityGlobals) = postSolution
		SolutionGuid = {04C63A8E-AB4F-4E71-9DA3-3611C8BF35C0}
	EndGlobalSection
EndGlobal
