
Microsoft Visual Studio Solution File, Format Version 12.00
# Visual Studio Version 17
VisualStudioVersion = 17.13.35825.156 d17.13
MinimumVisualStudioVersion = 10.0.40219.1
Project("{FAE04EC0-301F-11D3-BF4B-00C04F79EFBC}") = "z1", "z1.csproj", "{78637DC9-06DA-49A2-9C3F-2FE01BDB357B}"
EndProject
Global
	GlobalSection(SolutionConfigurationPlatforms) = preSolution
		Debug|Any CPU = Debug|Any CPU
		Release|Any CPU = Release|Any CPU
	EndGlobalSection
	GlobalSection(ProjectConfigurationPlatforms) = postSolution
		{78637DC9-06DA-49A2-9C3F-2FE01BDB357B}.Debug|Any CPU.ActiveCfg = Debug|Any CPU
		{78637DC9-06DA-49A2-9C3F-2FE01BDB357B}.Debug|Any CPU.Build.0 = Debug|Any CPU
		{78637DC9-06DA-49A2-9C3F-2FE01BDB357B}.Release|Any CPU.ActiveCfg = Release|Any CPU
		{78637DC9-06DA-49A2-9C3F-2FE01BDB357B}.Release|Any CPU.Build.0 = Release|Any CPU
	EndGlobalSection
	GlobalSection(SolutionProperties) = preSolution
		HideSolutionNode = FALSE
	EndGlobalSection
	GlobalSection(ExtensibilityGlobals) = postSolution
		SolutionGuid = {484727C6-07CF-473D-A7E4-591397977EBA}
	EndGlobalSection
EndGlobal
