
Microsoft Visual Studio Solution File, Format Version 12.00
# Visual Studio Version 17
VisualStudioVersion = 17.13.35825.156 d17.13
MinimumVisualStudioVersion = 10.0.40219.1
Project("{FAE04EC0-301F-11D3-BF4B-00C04F79EFBC}") = "z1", "z1.csproj", "{A754B121-69CF-4A0B-9025-8AA9784F2720}"
EndProject
Global
	GlobalSection(SolutionConfigurationPlatforms) = preSolution
		Debug|Any CPU = Debug|Any CPU
		Release|Any CPU = Release|Any CPU
	EndGlobalSection
	GlobalSection(ProjectConfigurationPlatforms) = postSolution
		{A754B121-69CF-4A0B-9025-8AA9784F2720}.Debug|Any CPU.ActiveCfg = Debug|Any CPU
		{A754B121-69CF-4A0B-9025-8AA9784F2720}.Debug|Any CPU.Build.0 = Debug|Any CPU
		{A754B121-69CF-4A0B-9025-8AA9784F2720}.Release|Any CPU.ActiveCfg = Release|Any CPU
		{A754B121-69CF-4A0B-9025-8AA9784F2720}.Release|Any CPU.Build.0 = Release|Any CPU
	EndGlobalSection
	GlobalSection(SolutionProperties) = preSolution
		HideSolutionNode = FALSE
	EndGlobalSection
	GlobalSection(ExtensibilityGlobals) = postSolution
		SolutionGuid = {9E2D7299-C741-4D73-916B-AE6591633BBC}
	EndGlobalSection
EndGlobal
