
Microsoft Visual Studio Solution File, Format Version 12.00
# Visual Studio Version 17
VisualStudioVersion = 17.13.35825.156 d17.13
MinimumVisualStudioVersion = 10.0.40219.1
Project("{FAE04EC0-301F-11D3-BF4B-00C04F79EFBC}") = "z1", "z1.csproj", "{F5B3842C-C4F7-4AD6-9B1C-A37259C70322}"
EndProject
Global
	GlobalSection(SolutionConfigurationPlatforms) = preSolution
		Debug|Any CPU = Debug|Any CPU
		Release|Any CPU = Release|Any CPU
	EndGlobalSection
	GlobalSection(ProjectConfigurationPlatforms) = postSolution
		{F5B3842C-C4F7-4AD6-9B1C-A37259C70322}.Debug|Any CPU.ActiveCfg = Debug|Any CPU
		{F5B3842C-C4F7-4AD6-9B1C-A37259C70322}.Debug|Any CPU.Build.0 = Debug|Any CPU
		{F5B3842C-C4F7-4AD6-9B1C-A37259C70322}.Release|Any CPU.ActiveCfg = Release|Any CPU
		{F5B3842C-C4F7-4AD6-9B1C-A37259C70322}.Release|Any CPU.Build.0 = Release|Any CPU
	EndGlobalSection
	GlobalSection(SolutionProperties) = preSolution
		HideSolutionNode = FALSE
	EndGlobalSection
	GlobalSection(ExtensibilityGlobals) = postSolution
		SolutionGuid = {8170D42A-8A69-4D0E-8916-42F6F6BC1537}
	EndGlobalSection
EndGlobal
