
Microsoft Visual Studio Solution File, Format Version 12.00
# Visual Studio Version 17
VisualStudioVersion = 17.13.35825.156 d17.13
MinimumVisualStudioVersion = 10.0.40219.1
Project("{FAE04EC0-301F-11D3-BF4B-00C04F79EFBC}") = "z4", "z4.csproj", "{71EB172A-0675-4AF3-86A0-DE5BF1796943}"
EndProject
Global
	GlobalSection(SolutionConfigurationPlatforms) = preSolution
		Debug|Any CPU = Debug|Any CPU
		Release|Any CPU = Release|Any CPU
	EndGlobalSection
	GlobalSection(ProjectConfigurationPlatforms) = postSolution
		{71EB172A-0675-4AF3-86A0-DE5BF1796943}.Debug|Any CPU.ActiveCfg = Debug|Any CPU
		{71EB172A-0675-4AF3-86A0-DE5BF1796943}.Debug|Any CPU.Build.0 = Debug|Any CPU
		{71EB172A-0675-4AF3-86A0-DE5BF1796943}.Release|Any CPU.ActiveCfg = Release|Any CPU
		{71EB172A-0675-4AF3-86A0-DE5BF1796943}.Release|Any CPU.Build.0 = Release|Any CPU
	EndGlobalSection
	GlobalSection(SolutionProperties) = preSolution
		HideSolutionNode = FALSE
	EndGlobalSection
	GlobalSection(ExtensibilityGlobals) = postSolution
		SolutionGuid = {D5A4F929-97EF-44AE-A655-501F8E0C3848}
	EndGlobalSection
EndGlobal
