
Microsoft Visual Studio Solution File, Format Version 12.00
# Visual Studio Version 17
VisualStudioVersion = 17.13.35825.156 d17.13
MinimumVisualStudioVersion = 10.0.40219.1
Project("{FAE04EC0-301F-11D3-BF4B-00C04F79EFBC}") = "z3", "z3.csproj", "{5129F6B6-0FF7-45EB-9A80-6A243A965C22}"
EndProject
Global
	GlobalSection(SolutionConfigurationPlatforms) = preSolution
		Debug|Any CPU = Debug|Any CPU
		Release|Any CPU = Release|Any CPU
	EndGlobalSection
	GlobalSection(ProjectConfigurationPlatforms) = postSolution
		{5129F6B6-0FF7-45EB-9A80-6A243A965C22}.Debug|Any CPU.ActiveCfg = Debug|Any CPU
		{5129F6B6-0FF7-45EB-9A80-6A243A965C22}.Debug|Any CPU.Build.0 = Debug|Any CPU
		{5129F6B6-0FF7-45EB-9A80-6A243A965C22}.Release|Any CPU.ActiveCfg = Release|Any CPU
		{5129F6B6-0FF7-45EB-9A80-6A243A965C22}.Release|Any CPU.Build.0 = Release|Any CPU
	EndGlobalSection
	GlobalSection(SolutionProperties) = preSolution
		HideSolutionNode = FALSE
	EndGlobalSection
	GlobalSection(ExtensibilityGlobals) = postSolution
		SolutionGuid = {85661584-1188-4885-8E42-0EB5F1079EC0}
	EndGlobalSection
EndGlobal
