
Microsoft Visual Studio Solution File, Format Version 12.00
# Visual Studio Version 17
VisualStudioVersion = 17.13.35825.156 d17.13
MinimumVisualStudioVersion = 10.0.40219.1
Project("{FAE04EC0-301F-11D3-BF4B-00C04F79EFBC}") = "z4", "z4.csproj", "{BDC6A4D9-91E7-428B-B0E8-CDB2D4FF402D}"
EndProject
Global
	GlobalSection(SolutionConfigurationPlatforms) = preSolution
		Debug|Any CPU = Debug|Any CPU
		Release|Any CPU = Release|Any CPU
	EndGlobalSection
	GlobalSection(ProjectConfigurationPlatforms) = postSolution
		{BDC6A4D9-91E7-428B-B0E8-CDB2D4FF402D}.Debug|Any CPU.ActiveCfg = Debug|Any CPU
		{BDC6A4D9-91E7-428B-B0E8-CDB2D4FF402D}.Debug|Any CPU.Build.0 = Debug|Any CPU
		{BDC6A4D9-91E7-428B-B0E8-CDB2D4FF402D}.Release|Any CPU.ActiveCfg = Release|Any CPU
		{BDC6A4D9-91E7-428B-B0E8-CDB2D4FF402D}.Release|Any CPU.Build.0 = Release|Any CPU
	EndGlobalSection
	GlobalSection(SolutionProperties) = preSolution
		HideSolutionNode = FALSE
	EndGlobalSection
	GlobalSection(ExtensibilityGlobals) = postSolution
		SolutionGuid = {A7A75175-8083-4ABC-90F5-D1074CED7866}
	EndGlobalSection
EndGlobal
