
Microsoft Visual Studio Solution File, Format Version 12.00
# Visual Studio Version 17
VisualStudioVersion = 17.13.35825.156 d17.13
MinimumVisualStudioVersion = 10.0.40219.1
Project("{FAE04EC0-301F-11D3-BF4B-00C04F79EFBC}") = "z5", "z5.csproj", "{125D0EC2-222C-4F7A-B426-3F6D78544AAF}"
EndProject
Global
	GlobalSection(SolutionConfigurationPlatforms) = preSolution
		Debug|Any CPU = Debug|Any CPU
		Release|Any CPU = Release|Any CPU
	EndGlobalSection
	GlobalSection(ProjectConfigurationPlatforms) = postSolution
		{125D0EC2-222C-4F7A-B426-3F6D78544AAF}.Debug|Any CPU.ActiveCfg = Debug|Any CPU
		{125D0EC2-222C-4F7A-B426-3F6D78544AAF}.Debug|Any CPU.Build.0 = Debug|Any CPU
		{125D0EC2-222C-4F7A-B426-3F6D78544AAF}.Release|Any CPU.ActiveCfg = Release|Any CPU
		{125D0EC2-222C-4F7A-B426-3F6D78544AAF}.Release|Any CPU.Build.0 = Release|Any CPU
	EndGlobalSection
	GlobalSection(SolutionProperties) = preSolution
		HideSolutionNode = FALSE
	EndGlobalSection
	GlobalSection(ExtensibilityGlobals) = postSolution
		SolutionGuid = {24EB4144-C82A-4E2E-BAE9-79128F9B7412}
	EndGlobalSection
EndGlobal
