
Microsoft Visual Studio Solution File, Format Version 12.00
# Visual Studio Version 17
VisualStudioVersion = 17.13.35825.156 d17.13
MinimumVisualStudioVersion = 10.0.40219.1
Project("{FAE04EC0-301F-11D3-BF4B-00C04F79EFBC}") = "z1", "z1.csproj", "{8E5CC0BC-7CB0-4B01-9477-3E631BFCF2A4}"
EndProject
Global
	GlobalSection(SolutionConfigurationPlatforms) = preSolution
		Debug|Any CPU = Debug|Any CPU
		Release|Any CPU = Release|Any CPU
	EndGlobalSection
	GlobalSection(ProjectConfigurationPlatforms) = postSolution
		{8E5CC0BC-7CB0-4B01-9477-3E631BFCF2A4}.Debug|Any CPU.ActiveCfg = Debug|Any CPU
		{8E5CC0BC-7CB0-4B01-9477-3E631BFCF2A4}.Debug|Any CPU.Build.0 = Debug|Any CPU
		{8E5CC0BC-7CB0-4B01-9477-3E631BFCF2A4}.Release|Any CPU.ActiveCfg = Release|Any CPU
		{8E5CC0BC-7CB0-4B01-9477-3E631BFCF2A4}.Release|Any CPU.Build.0 = Release|Any CPU
	EndGlobalSection
	GlobalSection(SolutionProperties) = preSolution
		HideSolutionNode = FALSE
	EndGlobalSection
	GlobalSection(ExtensibilityGlobals) = postSolution
		SolutionGuid = {CE7478BD-BDAA-4E07-A06D-FCAA5F578D89}
	EndGlobalSection
EndGlobal
