
Microsoft Visual Studio Solution File, Format Version 12.00
# Visual Studio Version 17
VisualStudioVersion = 17.13.35825.156 d17.13
MinimumVisualStudioVersion = 10.0.40219.1
Project("{FAE04EC0-301F-11D3-BF4B-00C04F79EFBC}") = "z5", "z5.csproj", "{F2B409E6-6911-4954-8D1B-35301298D4FB}"
EndProject
Global
	GlobalSection(SolutionConfigurationPlatforms) = preSolution
		Debug|Any CPU = Debug|Any CPU
		Release|Any CPU = Release|Any CPU
	EndGlobalSection
	GlobalSection(ProjectConfigurationPlatforms) = postSolution
		{F2B409E6-6911-4954-8D1B-35301298D4FB}.Debug|Any CPU.ActiveCfg = Debug|Any CPU
		{F2B409E6-6911-4954-8D1B-35301298D4FB}.Debug|Any CPU.Build.0 = Debug|Any CPU
		{F2B409E6-6911-4954-8D1B-35301298D4FB}.Release|Any CPU.ActiveCfg = Release|Any CPU
		{F2B409E6-6911-4954-8D1B-35301298D4FB}.Release|Any CPU.Build.0 = Release|Any CPU
	EndGlobalSection
	GlobalSection(SolutionProperties) = preSolution
		HideSolutionNode = FALSE
	EndGlobalSection
	GlobalSection(ExtensibilityGlobals) = postSolution
		SolutionGuid = {3968AF79-CE5D-435D-84AE-1FF6E39083E2}
	EndGlobalSection
EndGlobal
