
Microsoft Visual Studio Solution File, Format Version 12.00
# Visual Studio Version 17
VisualStudioVersion = 17.13.35825.156 d17.13
MinimumVisualStudioVersion = 10.0.40219.1
Project("{FAE04EC0-301F-11D3-BF4B-00C04F79EFBC}") = "z2", "z2.csproj", "{EA2259D9-36F6-4864-89A7-EC144B31B4E3}"
EndProject
Global
	GlobalSection(SolutionConfigurationPlatforms) = preSolution
		Debug|Any CPU = Debug|Any CPU
		Release|Any CPU = Release|Any CPU
	EndGlobalSection
	GlobalSection(ProjectConfigurationPlatforms) = postSolution
		{EA2259D9-36F6-4864-89A7-EC144B31B4E3}.Debug|Any CPU.ActiveCfg = Debug|Any CPU
		{EA2259D9-36F6-4864-89A7-EC144B31B4E3}.Debug|Any CPU.Build.0 = Debug|Any CPU
		{EA2259D9-36F6-4864-89A7-EC144B31B4E3}.Release|Any CPU.ActiveCfg = Release|Any CPU
		{EA2259D9-36F6-4864-89A7-EC144B31B4E3}.Release|Any CPU.Build.0 = Release|Any CPU
	EndGlobalSection
	GlobalSection(SolutionProperties) = preSolution
		HideSolutionNode = FALSE
	EndGlobalSection
	GlobalSection(ExtensibilityGlobals) = postSolution
		SolutionGuid = {02AC335E-AC3C-4934-B65C-B2FB9E43010A}
	EndGlobalSection
EndGlobal
