
Microsoft Visual Studio Solution File, Format Version 12.00
# Visual Studio Version 17
VisualStudioVersion = 17.13.35825.156 d17.13
MinimumVisualStudioVersion = 10.0.40219.1
Project("{FAE04EC0-301F-11D3-BF4B-00C04F79EFBC}") = "z4", "z4.csproj", "{E14EA3CA-C59A-4B92-AE50-A782AECA2FFB}"
EndProject
Global
	GlobalSection(SolutionConfigurationPlatforms) = preSolution
		Debug|Any CPU = Debug|Any CPU
		Release|Any CPU = Release|Any CPU
	EndGlobalSection
	GlobalSection(ProjectConfigurationPlatforms) = postSolution
		{E14EA3CA-C59A-4B92-AE50-A782AECA2FFB}.Debug|Any CPU.ActiveCfg = Debug|Any CPU
		{E14EA3CA-C59A-4B92-AE50-A782AECA2FFB}.Debug|Any CPU.Build.0 = Debug|Any CPU
		{E14EA3CA-C59A-4B92-AE50-A782AECA2FFB}.Release|Any CPU.ActiveCfg = Release|Any CPU
		{E14EA3CA-C59A-4B92-AE50-A782AECA2FFB}.Release|Any CPU.Build.0 = Release|Any CPU
	EndGlobalSection
	GlobalSection(SolutionProperties) = preSolution
		HideSolutionNode = FALSE
	EndGlobalSection
	GlobalSection(ExtensibilityGlobals) = postSolution
		SolutionGuid = {FBD02E83-C025-4158-9976-98A370EDD9F5}
	EndGlobalSection
EndGlobal
