
Microsoft Visual Studio Solution File, Format Version 12.00
# Visual Studio Version 17
VisualStudioVersion = 17.13.35825.156 d17.13
MinimumVisualStudioVersion = 10.0.40219.1
Project("{FAE04EC0-301F-11D3-BF4B-00C04F79EFBC}") = "z3", "z3.csproj", "{8DDB7254-1112-4BE8-8E49-3F6DE673755F}"
EndProject
Global
	GlobalSection(SolutionConfigurationPlatforms) = preSolution
		Debug|Any CPU = Debug|Any CPU
		Release|Any CPU = Release|Any CPU
	EndGlobalSection
	GlobalSection(ProjectConfigurationPlatforms) = postSolution
		{8DDB7254-1112-4BE8-8E49-3F6DE673755F}.Debug|Any CPU.ActiveCfg = Debug|Any CPU
		{8DDB7254-1112-4BE8-8E49-3F6DE673755F}.Debug|Any CPU.Build.0 = Debug|Any CPU
		{8DDB7254-1112-4BE8-8E49-3F6DE673755F}.Release|Any CPU.ActiveCfg = Release|Any CPU
		{8DDB7254-1112-4BE8-8E49-3F6DE673755F}.Release|Any CPU.Build.0 = Release|Any CPU
	EndGlobalSection
	GlobalSection(SolutionProperties) = preSolution
		HideSolutionNode = FALSE
	EndGlobalSection
	GlobalSection(ExtensibilityGlobals) = postSolution
		SolutionGuid = {14549168-C837-4F78-81D7-4BE8FF5AEBC7}
	EndGlobalSection
EndGlobal
